<Solution>
  <Folder Name="/Solution Items/">
    <File Path="../.build/Default.props" />
    <File Path="../Directory.Packages.props" />
  </Folder>
  <Folder Name="/tests/">
    <Project Path="../tests/Iris.Server.Tests/Iris.Server.Tests.csproj" />
  </Folder>
  <Project Path="Iris.Server.AspNetCore/Iris.Server.AspNetCore.csproj" />
  <Project Path="Iris.Server.Hosting/Iris.Server.Hosting.csproj" />
  <Project Path="Iris.Server/Iris.Server.csproj" />
  <Project Path="Sample/Sample.csproj" />
</Solution>
